
Microsoft Visual Studio Solution File, Format Version 12.00
# Visual Studio Version 16
VisualStudioVersion = 16.0.30907.101
MinimumVisualStudioVersion = 10.0.40219.1
Project("{FAE04EC0-301F-11D3-BF4B-00C04F79EFBC}") = "2FaGoogleAuthenticator", "2FaGoogleAuthenticator\2FaGoogleAuthenticator.csproj", "{68609BD8-EEA5-41DC-ACE0-556650B4F21D}"
EndProject
Global
	GlobalSection(SolutionConfigurationPlatforms) = preSolution
		Debug|Any CPU = Debug|Any CPU
		Release|Any CPU = Release|Any CPU
	EndGlobalSection
	GlobalSection(ProjectConfigurationPlatforms) = postSolution
		{68609BD8-EEA5-41DC-ACE0-556650B4F21D}.Debug|Any CPU.ActiveCfg = Debug|Any CPU
		{68609BD8-EEA5-41DC-ACE0-556650B4F21D}.Debug|Any CPU.Build.0 = Debug|Any CPU
		{68609BD8-EEA5-41DC-ACE0-556650B4F21D}.Release|Any CPU.ActiveCfg = Release|Any CPU
		{68609BD8-EEA5-41DC-ACE0-556650B4F21D}.Release|Any CPU.Build.0 = Release|Any CPU
	EndGlobalSection
	GlobalSection(SolutionProperties) = preSolution
		HideSolutionNode = FALSE
	EndGlobalSection
	GlobalSection(ExtensibilityGlobals) = postSolution
		SolutionGuid = {C4C2ED60-9E71-47F0-B21C-7714B1C21412}
	EndGlobalSection
EndGlobal
